
Microsoft Visual Studio Solution File, Format Version 12.00
# Visual Studio Version 16
VisualStudioVersion = 16.0.30128.74
MinimumVisualStudioVersion = 10.0.40219.1
Project("{FAE04EC0-301F-11D3-BF4B-00C04F79EFBC}") = "51. N-Queens", "51. N-Queens\51. N-Queens.csproj", "{F788EEB4-62CB-4BE6-964D-44A94FF0BD02}"
EndProject
Project("{FAE04EC0-301F-11D3-BF4B-00C04F79EFBC}") = "52. N-Queens II", "52. N-Queens II\52. N-Queens II.csproj", "{B1D469F3-342B-4081-840E-4D5F087FAE2B}"
EndProject
Global
	GlobalSection(SolutionConfigurationPlatforms) = preSolution
		Debug|Any CPU = Debug|Any CPU
		Release|Any CPU = Release|Any CPU
	EndGlobalSection
	GlobalSection(ProjectConfigurationPlatforms) = postSolution
		{F788EEB4-62CB-4BE6-964D-44A94FF0BD02}.Debug|Any CPU.ActiveCfg = Debug|Any CPU
		{F788EEB4-62CB-4BE6-964D-44A94FF0BD02}.Debug|Any CPU.Build.0 = Debug|Any CPU
		{F788EEB4-62CB-4BE6-964D-44A94FF0BD02}.Release|Any CPU.ActiveCfg = Release|Any CPU
		{F788EEB4-62CB-4BE6-964D-44A94FF0BD02}.Release|Any CPU.Build.0 = Release|Any CPU
		{B1D469F3-342B-4081-840E-4D5F087FAE2B}.Debug|Any CPU.ActiveCfg = Debug|Any CPU
		{B1D469F3-342B-4081-840E-4D5F087FAE2B}.Debug|Any CPU.Build.0 = Debug|Any CPU
		{B1D469F3-342B-4081-840E-4D5F087FAE2B}.Release|Any CPU.ActiveCfg = Release|Any CPU
		{B1D469F3-342B-4081-840E-4D5F087FAE2B}.Release|Any CPU.Build.0 = Release|Any CPU
	EndGlobalSection
	GlobalSection(SolutionProperties) = preSolution
		HideSolutionNode = FALSE
	EndGlobalSection
	GlobalSection(ExtensibilityGlobals) = postSolution
		SolutionGuid = {2726402F-31AF-4D45-844B-46596BFB8045}
	EndGlobalSection
EndGlobal
